
Microsoft Visual Studio Solution File, Format Version 12.00
# Visual Studio 14
VisualStudioVersion = 14.0.25420.1
MinimumVisualStudioVersion = 10.0.40219.1
Project("{FAE04EC0-301F-11D3-BF4B-00C04F79EFBC}") = "MTASAClient", "MTASAClient\MTASAClient.csproj", "{CFFB32C3-8A42-4B08-A514-6DC6859BEFDB}"
EndProject
Project("{FAE04EC0-301F-11D3-BF4B-00C04F79EFBC}") = "MTASAServer", "MTASAServer\MTASAServer.csproj", "{6FE10A9A-2431-43AE-92BA-D0D187248402}"
EndProject
Project("{FAE04EC0-301F-11D3-BF4B-00C04F79EFBC}") = "MTASAShared", "MTASAShared\MTASAShared.csproj", "{8118FE04-7235-4D9D-8E67-D511E5B0D61A}"
EndProject
Project("{FAE04EC0-301F-11D3-BF4B-00C04F79EFBC}") = "Lua", "Lua\Lua.csproj", "{06A29B20-DAF6-49FC-AFE6-0FE932EC35F3}"
EndProject
Global
	GlobalSection(SolutionConfigurationPlatforms) = preSolution
		Debug|Any CPU = Debug|Any CPU
		Release|Any CPU = Release|Any CPU
	EndGlobalSection
	GlobalSection(ProjectConfigurationPlatforms) = postSolution
		{CFFB32C3-8A42-4B08-A514-6DC6859BEFDB}.Debug|Any CPU.ActiveCfg = Debug|Any CPU
		{CFFB32C3-8A42-4B08-A514-6DC6859BEFDB}.Debug|Any CPU.Build.0 = Debug|Any CPU
		{CFFB32C3-8A42-4B08-A514-6DC6859BEFDB}.Release|Any CPU.ActiveCfg = Release|Any CPU
		{CFFB32C3-8A42-4B08-A514-6DC6859BEFDB}.Release|Any CPU.Build.0 = Release|Any CPU
		{6FE10A9A-2431-43AE-92BA-D0D187248402}.Debug|Any CPU.ActiveCfg = Debug|Any CPU
		{6FE10A9A-2431-43AE-92BA-D0D187248402}.Debug|Any CPU.Build.0 = Debug|Any CPU
		{6FE10A9A-2431-43AE-92BA-D0D187248402}.Release|Any CPU.ActiveCfg = Release|Any CPU
		{6FE10A9A-2431-43AE-92BA-D0D187248402}.Release|Any CPU.Build.0 = Release|Any CPU
		{8118FE04-7235-4D9D-8E67-D511E5B0D61A}.Debug|Any CPU.ActiveCfg = Debug|Any CPU
		{8118FE04-7235-4D9D-8E67-D511E5B0D61A}.Debug|Any CPU.Build.0 = Debug|Any CPU
		{8118FE04-7235-4D9D-8E67-D511E5B0D61A}.Release|Any CPU.ActiveCfg = Release|Any CPU
		{8118FE04-7235-4D9D-8E67-D511E5B0D61A}.Release|Any CPU.Build.0 = Release|Any CPU
		{06A29B20-DAF6-49FC-AFE6-0FE932EC35F3}.Debug|Any CPU.ActiveCfg = Debug|Any CPU
		{06A29B20-DAF6-49FC-AFE6-0FE932EC35F3}.Debug|Any CPU.Build.0 = Debug|Any CPU
		{06A29B20-DAF6-49FC-AFE6-0FE932EC35F3}.Release|Any CPU.ActiveCfg = Release|Any CPU
		{06A29B20-DAF6-49FC-AFE6-0FE932EC35F3}.Release|Any CPU.Build.0 = Release|Any CPU
	EndGlobalSection
	GlobalSection(SolutionProperties) = preSolution
		HideSolutionNode = FALSE
	EndGlobalSection
EndGlobal
